
Microsoft Visual Studio Solution File, Format Version 12.00
# Visual Studio 15
VisualStudioVersion = 15.0.27004.2002
MinimumVisualStudioVersion = 10.0.40219.1
Project("{8BC9CEB8-8B4A-11D0-8D11-00A0C91BC942}") = "rmtctrl", "rmtctrl\rmtctrl.vcxproj", "{47F7C0E2-7C37-45B6-98A7-A712F05D41D4}"
EndProject
Project("{8BC9CEB8-8B4A-11D0-8D11-00A0C91BC942}") = "condll", "condll\condll.vcxproj", "{B80E547B-F118-4B99-95DF-6CDA430A469F}"
EndProject
Project("{8BC9CEB8-8B4A-11D0-8D11-00A0C91BC942}") = "autod", "autod\autod.vcxproj", "{2ADADDBE-AB2E-4658-A8F0-239F0F99D89D}"
EndProject
Project("{8BC9CEB8-8B4A-11D0-8D11-00A0C91BC942}") = "inject", "inject\inject.vcxproj", "{0118C189-B24E-49BE-989A-369F310B448B}"
EndProject
Global
	GlobalSection(SolutionConfigurationPlatforms) = preSolution
		Debug|x64 = Debug|x64
		Debug|x86 = Debug|x86
		Release|x64 = Release|x64
		Release|x86 = Release|x86
	EndGlobalSection
	GlobalSection(ProjectConfigurationPlatforms) = postSolution
		{47F7C0E2-7C37-45B6-98A7-A712F05D41D4}.Debug|x64.ActiveCfg = Debug|x64
		{47F7C0E2-7C37-45B6-98A7-A712F05D41D4}.Debug|x64.Build.0 = Debug|x64
		{47F7C0E2-7C37-45B6-98A7-A712F05D41D4}.Debug|x86.ActiveCfg = Debug|Win32
		{47F7C0E2-7C37-45B6-98A7-A712F05D41D4}.Debug|x86.Build.0 = Debug|Win32
		{47F7C0E2-7C37-45B6-98A7-A712F05D41D4}.Release|x64.ActiveCfg = Release|x64
		{47F7C0E2-7C37-45B6-98A7-A712F05D41D4}.Release|x64.Build.0 = Release|x64
		{47F7C0E2-7C37-45B6-98A7-A712F05D41D4}.Release|x86.ActiveCfg = Release|Win32
		{47F7C0E2-7C37-45B6-98A7-A712F05D41D4}.Release|x86.Build.0 = Release|Win32
		{B80E547B-F118-4B99-95DF-6CDA430A469F}.Debug|x64.ActiveCfg = Debug|x64
		{B80E547B-F118-4B99-95DF-6CDA430A469F}.Debug|x64.Build.0 = Debug|x64
		{B80E547B-F118-4B99-95DF-6CDA430A469F}.Debug|x86.ActiveCfg = Debug|Win32
		{B80E547B-F118-4B99-95DF-6CDA430A469F}.Debug|x86.Build.0 = Debug|Win32
		{B80E547B-F118-4B99-95DF-6CDA430A469F}.Release|x64.ActiveCfg = Release|x64
		{B80E547B-F118-4B99-95DF-6CDA430A469F}.Release|x64.Build.0 = Release|x64
		{B80E547B-F118-4B99-95DF-6CDA430A469F}.Release|x86.ActiveCfg = Release|Win32
		{B80E547B-F118-4B99-95DF-6CDA430A469F}.Release|x86.Build.0 = Release|Win32
		{2ADADDBE-AB2E-4658-A8F0-239F0F99D89D}.Debug|x64.ActiveCfg = Debug|x64
		{2ADADDBE-AB2E-4658-A8F0-239F0F99D89D}.Debug|x64.Build.0 = Debug|x64
		{2ADADDBE-AB2E-4658-A8F0-239F0F99D89D}.Debug|x86.ActiveCfg = Debug|Win32
		{2ADADDBE-AB2E-4658-A8F0-239F0F99D89D}.Debug|x86.Build.0 = Debug|Win32
		{2ADADDBE-AB2E-4658-A8F0-239F0F99D89D}.Release|x64.ActiveCfg = Release|x64
		{2ADADDBE-AB2E-4658-A8F0-239F0F99D89D}.Release|x64.Build.0 = Release|x64
		{2ADADDBE-AB2E-4658-A8F0-239F0F99D89D}.Release|x86.ActiveCfg = Release|Win32
		{2ADADDBE-AB2E-4658-A8F0-239F0F99D89D}.Release|x86.Build.0 = Release|Win32
		{0118C189-B24E-49BE-989A-369F310B448B}.Debug|x64.ActiveCfg = Debug|x64
		{0118C189-B24E-49BE-989A-369F310B448B}.Debug|x64.Build.0 = Debug|x64
		{0118C189-B24E-49BE-989A-369F310B448B}.Debug|x86.ActiveCfg = Debug|Win32
		{0118C189-B24E-49BE-989A-369F310B448B}.Debug|x86.Build.0 = Debug|Win32
		{0118C189-B24E-49BE-989A-369F310B448B}.Release|x64.ActiveCfg = Release|x64
		{0118C189-B24E-49BE-989A-369F310B448B}.Release|x64.Build.0 = Release|x64
		{0118C189-B24E-49BE-989A-369F310B448B}.Release|x86.ActiveCfg = Release|Win32
		{0118C189-B24E-49BE-989A-369F310B448B}.Release|x86.Build.0 = Release|Win32
	EndGlobalSection
	GlobalSection(SolutionProperties) = preSolution
		HideSolutionNode = FALSE
	EndGlobalSection
	GlobalSection(ExtensibilityGlobals) = postSolution
		SolutionGuid = {166814F6-9CCF-4669-A252-BCA38A53D44E}
	EndGlobalSection
EndGlobal
